
Microsoft Visual Studio Solution File, Format Version 12.00
# Visual Studio 2012
Project("{FAE04EC0-301F-11D3-BF4B-00C04F79EFBC}") = "GA_CS_Test", "GA_CS_Test\GA_CS_Test.csproj", "{2786B0E0-2685-407A-9D78-3DD9604CBC36}"
EndProject
Global
	GlobalSection(SolutionConfigurationPlatforms) = preSolution
		Debug|Any CPU = Debug|Any CPU
		Release|Any CPU = Release|Any CPU
	EndGlobalSection
	GlobalSection(ProjectConfigurationPlatforms) = postSolution
		{2786B0E0-2685-407A-9D78-3DD9604CBC36}.Debug|Any CPU.ActiveCfg = Debug|Any CPU
		{2786B0E0-2685-407A-9D78-3DD9604CBC36}.Debug|Any CPU.Build.0 = Debug|Any CPU
		{2786B0E0-2685-407A-9D78-3DD9604CBC36}.Release|Any CPU.ActiveCfg = Release|Any CPU
		{2786B0E0-2685-407A-9D78-3DD9604CBC36}.Release|Any CPU.Build.0 = Release|Any CPU
	EndGlobalSection
	GlobalSection(SolutionProperties) = preSolution
		HideSolutionNode = FALSE
	EndGlobalSection
EndGlobal
